
Microsoft Visual Studio Solution File, Format Version 12.00
# Visual Studio Version 16
VisualStudioVersion = 16.0.35826.135
MinimumVisualStudioVersion = 10.0.40219.1
Project("{FAE04EC0-301F-11D3-BF4B-00C04F79EFBC}") = "JobPortalMVC", "JobPortalMVC\JobPortalMVC.csproj", "{BA323EC9-B9A2-4938-8047-6F86FF3E39F1}"
EndProject
Global
	GlobalSection(SolutionConfigurationPlatforms) = preSolution
		Debug|Any CPU = Debug|Any CPU
		Release|Any CPU = Release|Any CPU
	EndGlobalSection
	GlobalSection(ProjectConfigurationPlatforms) = postSolution
		{BA323EC9-B9A2-4938-8047-6F86FF3E39F1}.Debug|Any CPU.ActiveCfg = Debug|Any CPU
		{BA323EC9-B9A2-4938-8047-6F86FF3E39F1}.Debug|Any CPU.Build.0 = Debug|Any CPU
		{BA323EC9-B9A2-4938-8047-6F86FF3E39F1}.Release|Any CPU.ActiveCfg = Release|Any CPU
		{BA323EC9-B9A2-4938-8047-6F86FF3E39F1}.Release|Any CPU.Build.0 = Release|Any CPU
	EndGlobalSection
	GlobalSection(SolutionProperties) = preSolution
		HideSolutionNode = FALSE
	EndGlobalSection
	GlobalSection(ExtensibilityGlobals) = postSolution
		SolutionGuid = {2B3DA36D-702F-4968-A83E-9C33C25F2051}
	EndGlobalSection
EndGlobal
